%{
  "inet_cidr": {:hex, :erl_cidr, "1.0.2", "4814a5b78b969a5e069b0cecbb102622ab0c459b690053ed94543cd529915a43", [:rebar3], [], "hexpm", "97046492e5c5be0d8b92cd275980d667a8d28d9e79b2305828e358cc7d30a935"},
  "inet_ext": {:hex, :inet_ext, "1.0.0", "40a82557082827a2dc403ee7007bb389869f347465fb9d25d0abf0769b247c34", [:rebar3], [{:inet_cidr, "~> 1.0.2", [hex: :erl_cidr, repo: "hexpm", optional: false]}], "hexpm", "62a8aad524b798de3e1617e2ccfad212cb4cce971574f1adc260441ed99a250c"},
}
